{
  "originHash" : "955b42a5207f87a58d08a4e3ce4dd18d518cfb2dab57be80883bb1145cefb73c",
  "pins" : [
    {
      "identity" : "swiftformat",
      "kind" : "remoteSourceControl",
      "location" : "https://github.com/nicklockwood/SwiftFormat",
      "state" : {
        "revision" : "ab6844edb79a7b88dc6320e6cee0a0db7674dac3",
        "version" : "0.54.5"
      }
    }
  ],
  "version" : 3
}
